// !$*UTF8*$!
{
	archiveVersion = 1;
	classes = {
	};
	objectVersion = 56;
	objects = {

/* Begin PBXBuildFile section */
		C2CB23152C050DB000238660 /* LandmarksApp.swift in Sources */ = {isa = PBXBuildFile; fileRef = C2CB23142C050DB000238660 /* LandmarksApp.swift */; };
		C2CB23172C050DB000238660 /* ContentView.swift in Sources */ = {isa = PBXBuildFile; fileRef = C2CB23162C050DB000238660 /* ContentView.swift */; };
		C2CB23192C050DB100238660 /* Assets.xcassets in Resources */ = {isa = PBXBuildFile; fileRef = C2CB23182C050DB100238660 /* Assets.xcassets */; };
		C2CB231C2C050DB100238660 /* Preview Assets.xcassets in Resources */ = {isa = PBXBuildFile; fileRef = C2CB231B2C050DB100238660 /* Preview Assets.xcassets */; };
		C2CB23232C0515F400238660 /* CircleImage.swift in Sources */ = {isa = PBXBuildFile; fileRef = C2CB23222C0515F400238660 /* CircleImage.swift */; };
		C2CB23252C0516D400238660 /* MapView.swift in Sources */ = {isa = PBXBuildFile; fileRef = C2CB23242C0516D400238660 /* MapView.swift */; };
		C2CB23272C051D1300238660 /* landmarkData.json in Resources */ = {isa = PBXBuildFile; fileRef = C2CB23262C051D1300238660 /* landmarkData.json */; };
		C2CB23292C051D4B00238660 /* Landmark.swift in Sources */ = {isa = PBXBuildFile; fileRef = C2CB23282C051D4B00238660 /* Landmark.swift */; };
		C2CB232B2C05261800238660 /* ModelData.swift in Sources */ = {isa = PBXBuildFile; fileRef = C2CB232A2C05261800238660 /* ModelData.swift */; };
		C2CB23302C05286D00238660 /* LandmarkRow.swift in Sources */ = {isa = PBXBuildFile; fileRef = C2CB232F2C05286D00238660 /* LandmarkRow.swift */; };
		C2CB23322C052A1800238660 /* LandmarkList.swift in Sources */ = {isa = PBXBuildFile; fileRef = C2CB23312C052A1800238660 /* LandmarkList.swift */; };
		C2CB23342C05349C00238660 /* LandmarkDetail.swift in Sources */ = {isa = PBXBuildFile; fileRef = C2CB23332C05349C00238660 /* LandmarkDetail.swift */; };
		C2CB23362C06B8D300238660 /* FavoriteButton.swift in Sources */ = {isa = PBXBuildFile; fileRef = C2CB23352C06B8D300238660 /* FavoriteButton.swift */; };
		C2CB233A2C06BDEB00238660 /* hikeData.json in Resources */ = {isa = PBXBuildFile; fileRef = C2CB23392C06BDEB00238660 /* hikeData.json */; };
		C2CB233C2C06BE0D00238660 /* Hike.swift in Sources */ = {isa = PBXBuildFile; fileRef = C2CB233B2C06BE0D00238660 /* Hike.swift */; };
		C2CB23432C07BC1200238660 /* HikeDetail.swift in Sources */ = {isa = PBXBuildFile; fileRef = C2CB233F2C07BC1200238660 /* HikeDetail.swift */; };
		C2CB23442C07BC1200238660 /* HikeGraph.swift in Sources */ = {isa = PBXBuildFile; fileRef = C2CB23402C07BC1200238660 /* HikeGraph.swift */; };
		C2CB23452C07BC1200238660 /* HikeView.swift in Sources */ = {isa = PBXBuildFile; fileRef = C2CB23412C07BC1200238660 /* HikeView.swift */; };
		C2CB23462C07BC1200238660 /* GraphCapsule.swift in Sources */ = {isa = PBXBuildFile; fileRef = C2CB23422C07BC1200238660 /* GraphCapsule.swift */; };
		C2CB23492C07C2E800238660 /* CategoryHome.swift in Sources */ = {isa = PBXBuildFile; fileRef = C2CB23482C07C2E800238660 /* CategoryHome.swift */; };
		C2CB234B2C07C80000238660 /* CategoryRow.swift in Sources */ = {isa = PBXBuildFile; fileRef = C2CB234A2C07C80000238660 /* CategoryRow.swift */; };
		C2CB234D2C07CA6C00238660 /* CategoryItem.swift in Sources */ = {isa = PBXBuildFile; fileRef = C2CB234C2C07CA6C00238660 /* CategoryItem.swift */; };
		C2CB234F2C091E8300238660 /* Profile.swift in Sources */ = {isa = PBXBuildFile; fileRef = C2CB234E2C091E8300238660 /* Profile.swift */; };
		C2CB23522C091EE300238660 /* ProfileHost.swift in Sources */ = {isa = PBXBuildFile; fileRef = C2CB23512C091EE300238660 /* ProfileHost.swift */; };
		C2CB23542C09201500238660 /* ProfileSummary.swift in Sources */ = {isa = PBXBuildFile; fileRef = C2CB23532C09201500238660 /* ProfileSummary.swift */; };
		C2CB235B2C09213900238660 /* Badge.swift in Sources */ = {isa = PBXBuildFile; fileRef = C2CB23552C09213900238660 /* Badge.swift */; };
		C2CB235C2C09213900238660 /* BadgeBackground.swift in Sources */ = {isa = PBXBuildFile; fileRef = C2CB23562C09213900238660 /* BadgeBackground.swift */; };
		C2CB235D2C09213900238660 /* BadgeSymbol.swift in Sources */ = {isa = PBXBuildFile; fileRef = C2CB23572C09213900238660 /* BadgeSymbol.swift */; };
		C2CB235E2C09213900238660 /* HexagonParameters.swift in Sources */ = {isa = PBXBuildFile; fileRef = C2CB23582C09213900238660 /* HexagonParameters.swift */; };
		C2CB235F2C09213900238660 /* RotatedBadgeSymbol.swift in Sources */ = {isa = PBXBuildFile; fileRef = C2CB23592C09213900238660 /* RotatedBadgeSymbol.swift */; };
		C2CB23612C09215700238660 /* HikeBadge.swift in Sources */ = {isa = PBXBuildFile; fileRef = C2CB23602C09215700238660 /* HikeBadge.swift */; };
		C2CB23642C0A5BDD00238660 /* ProfileEditor.swift in Sources */ = {isa = PBXBuildFile; fileRef = C2CB23632C0A5BDD00238660 /* ProfileEditor.swift */; };
/* End PBXBuildFile section */

/* Begin PBXFileReference section */
		C2CB23112C050DB000238660 /* Landmarks.app */ = {isa = PBXFileReference; explicitFileType = wrapper.application; includeInIndex = 0; path = Landmarks.app; sourceTree = BUILT_PRODUCTS_DIR; };
		C2CB23142C050DB000238660 /* LandmarksApp.swift */ = {isa = PBXFileReference; lastKnownFileType = sourcecode.swift; path = LandmarksApp.swift; sourceTree = "<group>"; };
		C2CB23162C050DB000238660 /* ContentView.swift */ = {isa = PBXFileReference; lastKnownFileType = sourcecode.swift; path = ContentView.swift; sourceTree = "<group>"; };
		C2CB23182C050DB100238660 /* Assets.xcassets */ = {isa = PBXFileReference; lastKnownFileType = folder.assetcatalog; path = Assets.xcassets; sourceTree = "<group>"; };
		C2CB231B2C050DB100238660 /* Preview Assets.xcassets */ = {isa = PBXFileReference; lastKnownFileType = folder.assetcatalog; path = "Preview Assets.xcassets"; sourceTree = "<group>"; };
		C2CB23222C0515F400238660 /* CircleImage.swift */ = {isa = PBXFileReference; lastKnownFileType = sourcecode.swift; path = CircleImage.swift; sourceTree = "<group>"; };
		C2CB23242C0516D400238660 /* MapView.swift */ = {isa = PBXFileReference; lastKnownFileType = sourcecode.swift; path = MapView.swift; sourceTree = "<group>"; };
		C2CB23262C051D1300238660 /* landmarkData.json */ = {isa = PBXFileReference; fileEncoding = 4; lastKnownFileType = text.json; path = landmarkData.json; sourceTree = "<group>"; };
		C2CB23282C051D4B00238660 /* Landmark.swift */ = {isa = PBXFileReference; lastKnownFileType = sourcecode.swift; path = Landmark.swift; sourceTree = "<group>"; };
		C2CB232A2C05261800238660 /* ModelData.swift */ = {isa = PBXFileReference; lastKnownFileType = sourcecode.swift; path = ModelData.swift; sourceTree = "<group>"; };
		C2CB232F2C05286D00238660 /* LandmarkRow.swift */ = {isa = PBXFileReference; lastKnownFileType = sourcecode.swift; path = LandmarkRow.swift; sourceTree = "<group>"; };
		C2CB23312C052A1800238660 /* LandmarkList.swift */ = {isa = PBXFileReference; lastKnownFileType = sourcecode.swift; path = LandmarkList.swift; sourceTree = "<group>"; };
		C2CB23332C05349C00238660 /* LandmarkDetail.swift */ = {isa = PBXFileReference; lastKnownFileType = sourcecode.swift; path = LandmarkDetail.swift; sourceTree = "<group>"; };
		C2CB23352C06B8D300238660 /* FavoriteButton.swift */ = {isa = PBXFileReference; lastKnownFileType = sourcecode.swift; path = FavoriteButton.swift; sourceTree = "<group>"; };
		C2CB23392C06BDEB00238660 /* hikeData.json */ = {isa = PBXFileReference; fileEncoding = 4; lastKnownFileType = text.json; path = hikeData.json; sourceTree = "<group>"; };
		C2CB233B2C06BE0D00238660 /* Hike.swift */ = {isa = PBXFileReference; lastKnownFileType = sourcecode.swift; path = Hike.swift; sourceTree = "<group>"; };
		C2CB233F2C07BC1200238660 /* HikeDetail.swift */ = {isa = PBXFileReference; fileEncoding = 4; lastKnownFileType = sourcecode.swift; path = HikeDetail.swift; sourceTree = "<group>"; };
		C2CB23402C07BC1200238660 /* HikeGraph.swift */ = {isa = PBXFileReference; fileEncoding = 4; lastKnownFileType = sourcecode.swift; path = HikeGraph.swift; sourceTree = "<group>"; };
		C2CB23412C07BC1200238660 /* HikeView.swift */ = {isa = PBXFileReference; fileEncoding = 4; lastKnownFileType = sourcecode.swift; path = HikeView.swift; sourceTree = "<group>"; };
		C2CB23422C07BC1200238660 /* GraphCapsule.swift */ = {isa = PBXFileReference; fileEncoding = 4; lastKnownFileType = sourcecode.swift; path = GraphCapsule.swift; sourceTree = "<group>"; };
		C2CB23482C07C2E800238660 /* CategoryHome.swift */ = {isa = PBXFileReference; lastKnownFileType = sourcecode.swift; path = CategoryHome.swift; sourceTree = "<group>"; };
		C2CB234A2C07C80000238660 /* CategoryRow.swift */ = {isa = PBXFileReference; lastKnownFileType = sourcecode.swift; path = CategoryRow.swift; sourceTree = "<group>"; };
		C2CB234C2C07CA6C00238660 /* CategoryItem.swift */ = {isa = PBXFileReference; lastKnownFileType = sourcecode.swift; path = CategoryItem.swift; sourceTree = "<group>"; };
		C2CB234E2C091E8300238660 /* Profile.swift */ = {isa = PBXFileReference; lastKnownFileType = sourcecode.swift; path = Profile.swift; sourceTree = "<group>"; };
		C2CB23512C091EE300238660 /* ProfileHost.swift */ = {isa = PBXFileReference; lastKnownFileType = sourcecode.swift; path = ProfileHost.swift; sourceTree = "<group>"; };
		C2CB23532C09201500238660 /* ProfileSummary.swift */ = {isa = PBXFileReference; lastKnownFileType = sourcecode.swift; path = ProfileSummary.swift; sourceTree = "<group>"; };
		C2CB23552C09213900238660 /* Badge.swift */ = {isa = PBXFileReference; fileEncoding = 4; lastKnownFileType = sourcecode.swift; path = Badge.swift; sourceTree = "<group>"; };
		C2CB23562C09213900238660 /* BadgeBackground.swift */ = {isa = PBXFileReference; fileEncoding = 4; lastKnownFileType = sourcecode.swift; path = BadgeBackground.swift; sourceTree = "<group>"; };
		C2CB23572C09213900238660 /* BadgeSymbol.swift */ = {isa = PBXFileReference; fileEncoding = 4; lastKnownFileType = sourcecode.swift; path = BadgeSymbol.swift; sourceTree = "<group>"; };
		C2CB23582C09213900238660 /* HexagonParameters.swift */ = {isa = PBXFileReference; fileEncoding = 4; lastKnownFileType = sourcecode.swift; path = HexagonParameters.swift; sourceTree = "<group>"; };
		C2CB23592C09213900238660 /* RotatedBadgeSymbol.swift */ = {isa = PBXFileReference; fileEncoding = 4; lastKnownFileType = sourcecode.swift; path = RotatedBadgeSymbol.swift; sourceTree = "<group>"; };
		C2CB23602C09215700238660 /* HikeBadge.swift */ = {isa = PBXFileReference; lastKnownFileType = sourcecode.swift; path = HikeBadge.swift; sourceTree = "<group>"; };
		C2CB23632C0A5BDD00238660 /* ProfileEditor.swift */ = {isa = PBXFileReference; lastKnownFileType = sourcecode.swift; path = ProfileEditor.swift; sourceTree = "<group>"; };
/* End PBXFileReference section */

/* Begin PBXFrameworksBuildPhase section */
		C2CB230E2C050DB000238660 /* Frameworks */ = {
			isa = PBXFrameworksBuildPhase;
			buildActionMask = 2147483647;
			files = (
			);
			runOnlyForDeploymentPostprocessing = 0;
		};
/* End PBXFrameworksBuildPhase section */

/* Begin PBXGroup section */
		C2CB23082C050DB000238660 = {
			isa = PBXGroup;
			children = (
				C2CB23132C050DB000238660 /* Landmarks */,
				C2CB23122C050DB000238660 /* Products */,
			);
			sourceTree = "<group>";
		};
		C2CB23122C050DB000238660 /* Products */ = {
			isa = PBXGroup;
			children = (
				C2CB23112C050DB000238660 /* Landmarks.app */,
			);
			name = Products;
			sourceTree = "<group>";
		};
		C2CB23132C050DB000238660 /* Landmarks */ = {
			isa = PBXGroup;
			children = (
				C2CB232E2C05283200238660 /* Resources */,
				C2CB232D2C05282300238660 /* Model */,
				C2CB232C2C05280D00238660 /* Views */,
				C2CB23142C050DB000238660 /* LandmarksApp.swift */,
				C2CB23182C050DB100238660 /* Assets.xcassets */,
				C2CB231A2C050DB100238660 /* Preview Content */,
			);
			path = Landmarks;
			sourceTree = "<group>";
		};
		C2CB231A2C050DB100238660 /* Preview Content */ = {
			isa = PBXGroup;
			children = (
				C2CB231B2C050DB100238660 /* Preview Assets.xcassets */,
			);
			path = "Preview Content";
			sourceTree = "<group>";
		};
		C2CB232C2C05280D00238660 /* Views */ = {
			isa = PBXGroup;
			children = (
				C2CB235A2C09213900238660 /* Badges */,
				C2CB23502C091EC300238660 /* Profile */,
				C2CB23472C07C2C100238660 /* Categories */,
				C2CB23382C06BA2F00238660 /* Helpers */,
				C2CB23372C06BA2600238660 /* Landmarks */,
				C2CB23162C050DB000238660 /* ContentView.swift */,
			);
			path = Views;
			sourceTree = "<group>";
		};
		C2CB232D2C05282300238660 /* Model */ = {
			isa = PBXGroup;
			children = (
				C2CB232A2C05261800238660 /* ModelData.swift */,
				C2CB23282C051D4B00238660 /* Landmark.swift */,
				C2CB233B2C06BE0D00238660 /* Hike.swift */,
				C2CB234E2C091E8300238660 /* Profile.swift */,
			);
			path = Model;
			sourceTree = "<group>";
		};
		C2CB232E2C05283200238660 /* Resources */ = {
			isa = PBXGroup;
			children = (
				C2CB23412C07BC1200238660 /* HikeView.swift */,
				C2CB233F2C07BC1200238660 /* HikeDetail.swift */,
				C2CB23422C07BC1200238660 /* GraphCapsule.swift */,
				C2CB23402C07BC1200238660 /* HikeGraph.swift */,
				C2CB23392C06BDEB00238660 /* hikeData.json */,
				C2CB23262C051D1300238660 /* landmarkData.json */,
			);
			path = Resources;
			sourceTree = "<group>";
		};
		C2CB23372C06BA2600238660 /* Landmarks */ = {
			isa = PBXGroup;
			children = (
				C2CB232F2C05286D00238660 /* LandmarkRow.swift */,
				C2CB23312C052A1800238660 /* LandmarkList.swift */,
				C2CB23332C05349C00238660 /* LandmarkDetail.swift */,
			);
			path = Landmarks;
			sourceTree = "<group>";
		};
		C2CB23382C06BA2F00238660 /* Helpers */ = {
			isa = PBXGroup;
			children = (
				C2CB23352C06B8D300238660 /* FavoriteButton.swift */,
				C2CB23222C0515F400238660 /* CircleImage.swift */,
				C2CB23242C0516D400238660 /* MapView.swift */,
			);
			path = Helpers;
			sourceTree = "<group>";
		};
		C2CB23472C07C2C100238660 /* Categories */ = {
			isa = PBXGroup;
			children = (
				C2CB23482C07C2E800238660 /* CategoryHome.swift */,
				C2CB234A2C07C80000238660 /* CategoryRow.swift */,
				C2CB234C2C07CA6C00238660 /* CategoryItem.swift */,
			);
			path = Categories;
			sourceTree = "<group>";
		};
		C2CB23502C091EC300238660 /* Profile */ = {
			isa = PBXGroup;
			children = (
				C2CB23512C091EE300238660 /* ProfileHost.swift */,
				C2CB23632C0A5BDD00238660 /* ProfileEditor.swift */,
				C2CB23532C09201500238660 /* ProfileSummary.swift */,
			);
			path = Profile;
			sourceTree = "<group>";
		};
		C2CB235A2C09213900238660 /* Badges */ = {
			isa = PBXGroup;
			children = (
				C2CB23552C09213900238660 /* Badge.swift */,
				C2CB23562C09213900238660 /* BadgeBackground.swift */,
				C2CB23572C09213900238660 /* BadgeSymbol.swift */,
				C2CB23582C09213900238660 /* HexagonParameters.swift */,
				C2CB23592C09213900238660 /* RotatedBadgeSymbol.swift */,
				C2CB23602C09215700238660 /* HikeBadge.swift */,
			);
			path = Badges;
			sourceTree = "<group>";
		};
/* End PBXGroup section */

/* Begin PBXNativeTarget section */
		C2CB23102C050DB000238660 /* Landmarks */ = {
			isa = PBXNativeTarget;
			buildConfigurationList = C2CB231F2C050DB100238660 /* Build configuration list for PBXNativeTarget "Landmarks" */;
			buildPhases = (
				C2CB230D2C050DB000238660 /* Sources */,
				C2CB230E2C050DB000238660 /* Frameworks */,
				C2CB230F2C050DB000238660 /* Resources */,
			);
			buildRules = (
			);
			dependencies = (
			);
			name = Landmarks;
			productName = Landmarks;
			productReference = C2CB23112C050DB000238660 /* Landmarks.app */;
			productType = "com.apple.product-type.application";
		};
/* End PBXNativeTarget section */

/* Begin PBXProject section */
		C2CB23092C050DB000238660 /* Project object */ = {
			isa = PBXProject;
			attributes = {
				BuildIndependentTargetsInParallel = 1;
				LastSwiftUpdateCheck = 1540;
				LastUpgradeCheck = 1540;
				TargetAttributes = {
					C2CB23102C050DB000238660 = {
						CreatedOnToolsVersion = 15.4;
					};
				};
			};
			buildConfigurationList = C2CB230C2C050DB000238660 /* Build configuration list for PBXProject "Landmarks" */;
			compatibilityVersion = "Xcode 14.0";
			developmentRegion = en;
			hasScannedForEncodings = 0;
			knownRegions = (
				en,
				Base,
			);
			mainGroup = C2CB23082C050DB000238660;
			productRefGroup = C2CB23122C050DB000238660 /* Products */;
			projectDirPath = "";
			projectRoot = "";
			targets = (
				C2CB23102C050DB000238660 /* Landmarks */,
			);
		};
/* End PBXProject section */

/* Begin PBXResourcesBuildPhase section */
		C2CB230F2C050DB000238660 /* Resources */ = {
			isa = PBXResourcesBuildPhase;
			buildActionMask = 2147483647;
			files = (
				C2CB233A2C06BDEB00238660 /* hikeData.json in Resources */,
				C2CB231C2C050DB100238660 /* Preview Assets.xcassets in Resources */,
				C2CB23192C050DB100238660 /* Assets.xcassets in Resources */,
				C2CB23272C051D1300238660 /* landmarkData.json in Resources */,
			);
			runOnlyForDeploymentPostprocessing = 0;
		};
/* End PBXResourcesBuildPhase section */

/* Begin PBXSourcesBuildPhase section */
		C2CB230D2C050DB000238660 /* Sources */ = {
			isa = PBXSourcesBuildPhase;
			buildActionMask = 2147483647;
			files = (
				C2CB23172C050DB000238660 /* ContentView.swift in Sources */,
				C2CB23252C0516D400238660 /* MapView.swift in Sources */,
				C2CB23542C09201500238660 /* ProfileSummary.swift in Sources */,
				C2CB23152C050DB000238660 /* LandmarksApp.swift in Sources */,
				C2CB23522C091EE300238660 /* ProfileHost.swift in Sources */,
				C2CB235E2C09213900238660 /* HexagonParameters.swift in Sources */,
				C2CB235D2C09213900238660 /* BadgeSymbol.swift in Sources */,
				C2CB23362C06B8D300238660 /* FavoriteButton.swift in Sources */,
				C2CB234D2C07CA6C00238660 /* CategoryItem.swift in Sources */,
				C2CB23492C07C2E800238660 /* CategoryHome.swift in Sources */,
				C2CB233C2C06BE0D00238660 /* Hike.swift in Sources */,
				C2CB23462C07BC1200238660 /* GraphCapsule.swift in Sources */,
				C2CB23322C052A1800238660 /* LandmarkList.swift in Sources */,
				C2CB234B2C07C80000238660 /* CategoryRow.swift in Sources */,
				C2CB23342C05349C00238660 /* LandmarkDetail.swift in Sources */,
				C2CB235B2C09213900238660 /* Badge.swift in Sources */,
				C2CB23232C0515F400238660 /* CircleImage.swift in Sources */,
				C2CB23442C07BC1200238660 /* HikeGraph.swift in Sources */,
				C2CB23642C0A5BDD00238660 /* ProfileEditor.swift in Sources */,
				C2CB23452C07BC1200238660 /* HikeView.swift in Sources */,
				C2CB235C2C09213900238660 /* BadgeBackground.swift in Sources */,
				C2CB23292C051D4B00238660 /* Landmark.swift in Sources */,
				C2CB23302C05286D00238660 /* LandmarkRow.swift in Sources */,
				C2CB23612C09215700238660 /* HikeBadge.swift in Sources */,
				C2CB234F2C091E8300238660 /* Profile.swift in Sources */,
				C2CB235F2C09213900238660 /* RotatedBadgeSymbol.swift in Sources */,
				C2CB232B2C05261800238660 /* ModelData.swift in Sources */,
				C2CB23432C07BC1200238660 /* HikeDetail.swift in Sources */,
			);
			runOnlyForDeploymentPostprocessing = 0;
		};
/* End PBXSourcesBuildPhase section */

/* Begin XCBuildConfiguration section */
		C2CB231D2C050DB100238660 /* Debug */ = {
			isa = XCBuildConfiguration;
			buildSettings = {
				ALWAYS_SEARCH_USER_PATHS = NO;
				ASSETCATALOG_COMPILER_GENERATE_SWIFT_ASSET_SYMBOL_EXTENSIONS = YES;
				CLANG_ANALYZER_NONNULL = YES;
				CLANG_ANALYZER_NUMBER_OBJECT_CONVERSION = YES_AGGRESSIVE;
				CLANG_CXX_LANGUAGE_STANDARD = "gnu++20";
				CLANG_ENABLE_MODULES = YES;
				CLANG_ENABLE_OBJC_ARC = YES;
				CLANG_ENABLE_OBJC_WEAK = YES;
				CLANG_WARN_BLOCK_CAPTURE_AUTORELEASING = YES;
				CLANG_WARN_BOOL_CONVERSION = YES;
				CLANG_WARN_COMMA = YES;
				CLANG_WARN_CONSTANT_CONVERSION = YES;
				CLANG_WARN_DEPRECATED_OBJC_IMPLEMENTATIONS = YES;
				CLANG_WARN_DIRECT_OBJC_ISA_USAGE = YES_ERROR;
				CLANG_WARN_DOCUMENTATION_COMMENTS = YES;
				CLANG_WARN_EMPTY_BODY = YES;
				CLANG_WARN_ENUM_CONVERSION = YES;
				CLANG_WARN_INFINITE_RECURSION = YES;
				CLANG_WARN_INT_CONVERSION = YES;
				CLANG_WARN_NON_LITERAL_NULL_CONVERSION = YES;
				CLANG_WARN_OBJC_IMPLICIT_RETAIN_SELF = YES;
				CLANG_WARN_OBJC_LITERAL_CONVERSION = YES;
				CLANG_WARN_OBJC_ROOT_CLASS = YES_ERROR;
				CLANG_WARN_QUOTED_INCLUDE_IN_FRAMEWORK_HEADER = YES;
				CLANG_WARN_RANGE_LOOP_ANALYSIS = YES;
				CLANG_WARN_STRICT_PROTOTYPES = YES;
				CLANG_WARN_SUSPICIOUS_MOVE = YES;
				CLANG_WARN_UNGUARDED_AVAILABILITY = YES_AGGRESSIVE;
				CLANG_WARN_UNREACHABLE_CODE = YES;
				CLANG_WARN__DUPLICATE_METHOD_MATCH = YES;
				COPY_PHASE_STRIP = NO;
				DEBUG_INFORMATION_FORMAT = dwarf;
				ENABLE_STRICT_OBJC_MSGSEND = YES;
				ENABLE_TESTABILITY = YES;
				ENABLE_USER_SCRIPT_SANDBOXING = YES;
				GCC_C_LANGUAGE_STANDARD = gnu17;
				GCC_DYNAMIC_NO_PIC = NO;
				GCC_NO_COMMON_BLOCKS = YES;
				GCC_OPTIMIZATION_LEVEL = 0;
				GCC_PREPROCESSOR_DEFINITIONS = (
					"DEBUG=1",
					"$(inherited)",
				);
				GCC_WARN_64_TO_32_BIT_CONVERSION = YES;
				GCC_WARN_ABOUT_RETURN_TYPE = YES_ERROR;
				GCC_WARN_UNDECLARED_SELECTOR = YES;
				GCC_WARN_UNINITIALIZED_AUTOS = YES_AGGRESSIVE;
				GCC_WARN_UNUSED_FUNCTION = YES;
				GCC_WARN_UNUSED_VARIABLE = YES;
				IPHONEOS_DEPLOYMENT_TARGET = 17.5;
				LOCALIZATION_PREFERS_STRING_CATALOGS = YES;
				MTL_ENABLE_DEBUG_INFO = INCLUDE_SOURCE;
				MTL_FAST_MATH = YES;
				ONLY_ACTIVE_ARCH = YES;
				SDKROOT = iphoneos;
				SWIFT_ACTIVE_COMPILATION_CONDITIONS = "DEBUG $(inherited)";
				SWIFT_OPTIMIZATION_LEVEL = "-Onone";
			};
			name = Debug;
		};
		C2CB231E2C050DB100238660 /* Release */ = {
			isa = XCBuildConfiguration;
			buildSettings = {
				ALWAYS_SEARCH_USER_PATHS = NO;
				ASSETCATALOG_COMPILER_GENERATE_SWIFT_ASSET_SYMBOL_EXTENSIONS = YES;
				CLANG_ANALYZER_NONNULL = YES;
				CLANG_ANALYZER_NUMBER_OBJECT_CONVERSION = YES_AGGRESSIVE;
				CLANG_CXX_LANGUAGE_STANDARD = "gnu++20";
				CLANG_ENABLE_MODULES = YES;
				CLANG_ENABLE_OBJC_ARC = YES;
				CLANG_ENABLE_OBJC_WEAK = YES;
				CLANG_WARN_BLOCK_CAPTURE_AUTORELEASING = YES;
				CLANG_WARN_BOOL_CONVERSION = YES;
				CLANG_WARN_COMMA = YES;
				CLANG_WARN_CONSTANT_CONVERSION = YES;
				CLANG_WARN_DEPRECATED_OBJC_IMPLEMENTATIONS = YES;
				CLANG_WARN_DIRECT_OBJC_ISA_USAGE = YES_ERROR;
				CLANG_WARN_DOCUMENTATION_COMMENTS = YES;
				CLANG_WARN_EMPTY_BODY = YES;
				CLANG_WARN_ENUM_CONVERSION = YES;
				CLANG_WARN_INFINITE_RECURSION = YES;
				CLANG_WARN_INT_CONVERSION = YES;
				CLANG_WARN_NON_LITERAL_NULL_CONVERSION = YES;
				CLANG_WARN_OBJC_IMPLICIT_RETAIN_SELF = YES;
				CLANG_WARN_OBJC_LITERAL_CONVERSION = YES;
				CLANG_WARN_OBJC_ROOT_CLASS = YES_ERROR;
				CLANG_WARN_QUOTED_INCLUDE_IN_FRAMEWORK_HEADER = YES;
				CLANG_WARN_RANGE_LOOP_ANALYSIS = YES;
				CLANG_WARN_STRICT_PROTOTYPES = YES;
				CLANG_WARN_SUSPICIOUS_MOVE = YES;
				CLANG_WARN_UNGUARDED_AVAILABILITY = YES_AGGRESSIVE;
				CLANG_WARN_UNREACHABLE_CODE = YES;
				CLANG_WARN__DUPLICATE_METHOD_MATCH = YES;
				COPY_PHASE_STRIP = NO;
				DEBUG_INFORMATION_FORMAT = "dwarf-with-dsym";
				ENABLE_NS_ASSERTIONS = NO;
				ENABLE_STRICT_OBJC_MSGSEND = YES;
				ENABLE_USER_SCRIPT_SANDBOXING = YES;
				GCC_C_LANGUAGE_STANDARD = gnu17;
				GCC_NO_COMMON_BLOCKS = YES;
				GCC_WARN_64_TO_32_BIT_CONVERSION = YES;
				GCC_WARN_ABOUT_RETURN_TYPE = YES_ERROR;
				GCC_WARN_UNDECLARED_SELECTOR = YES;
				GCC_WARN_UNINITIALIZED_AUTOS = YES_AGGRESSIVE;
				GCC_WARN_UNUSED_FUNCTION = YES;
				GCC_WARN_UNUSED_VARIABLE = YES;
				IPHONEOS_DEPLOYMENT_TARGET = 17.5;
				LOCALIZATION_PREFERS_STRING_CATALOGS = YES;
				MTL_ENABLE_DEBUG_INFO = NO;
				MTL_FAST_MATH = YES;
				SDKROOT = iphoneos;
				SWIFT_COMPILATION_MODE = wholemodule;
				VALIDATE_PRODUCT = YES;
			};
			name = Release;
		};
		C2CB23202C050DB100238660 /* Debug */ = {
			isa = XCBuildConfiguration;
			buildSettings = {
				ASSETCATALOG_COMPILER_APPICON_NAME = AppIcon;
				ASSETCATALOG_COMPILER_GLOBAL_ACCENT_COLOR_NAME = AccentColor;
				CODE_SIGN_STYLE = Automatic;
				CURRENT_PROJECT_VERSION = 1;
				DEVELOPMENT_ASSET_PATHS = "\"Landmarks/Preview Content\"";
				DEVELOPMENT_TEAM = Z28MDHV9K2;
				ENABLE_PREVIEWS = YES;
				GENERATE_INFOPLIST_FILE = YES;
				INFOPLIST_KEY_UIApplicationSceneManifest_Generation = YES;
				INFOPLIST_KEY_UIApplicationSupportsIndirectInputEvents = YES;
				INFOPLIST_KEY_UILaunchScreen_Generation = YES;
				INFOPLIST_KEY_UISupportedInterfaceOrientations_iPad = "UIInterfaceOrientationPortrait UIInterfaceOrientationPortraitUpsideDown UIInterfaceOrientationLandscapeLeft UIInterfaceOrientationLandscapeRight";
				INFOPLIST_KEY_UISupportedInterfaceOrientations_iPhone = "UIInterfaceOrientationPortrait UIInterfaceOrientationLandscapeLeft UIInterfaceOrientationLandscapeRight";
				LD_RUNPATH_SEARCH_PATHS = (
					"$(inherited)",
					"@executable_path/Frameworks",
				);
				MARKETING_VERSION = 1.0;
				PRODUCT_BUNDLE_IDENTIFIER = com.udemy.tutorial.Landmarks;
				PRODUCT_NAME = "$(TARGET_NAME)";
				SWIFT_EMIT_LOC_STRINGS = YES;
				SWIFT_VERSION = 5.0;
				TARGETED_DEVICE_FAMILY = "1,2";
			};
			name = Debug;
		};
		C2CB23212C050DB100238660 /* Release */ = {
			isa = XCBuildConfiguration;
			buildSettings = {
				ASSETCATALOG_COMPILER_APPICON_NAME = AppIcon;
				ASSETCATALOG_COMPILER_GLOBAL_ACCENT_COLOR_NAME = AccentColor;
				CODE_SIGN_STYLE = Automatic;
				CURRENT_PROJECT_VERSION = 1;
				DEVELOPMENT_ASSET_PATHS = "\"Landmarks/Preview Content\"";
				DEVELOPMENT_TEAM = Z28MDHV9K2;
				ENABLE_PREVIEWS = YES;
				GENERATE_INFOPLIST_FILE = YES;
				INFOPLIST_KEY_UIApplicationSceneManifest_Generation = YES;
				INFOPLIST_KEY_UIApplicationSupportsIndirectInputEvents = YES;
				INFOPLIST_KEY_UILaunchScreen_Generation = YES;
				INFOPLIST_KEY_UISupportedInterfaceOrientations_iPad = "UIInterfaceOrientationPortrait UIInterfaceOrientationPortraitUpsideDown UIInterfaceOrientationLandscapeLeft UIInterfaceOrientationLandscapeRight";
				INFOPLIST_KEY_UISupportedInterfaceOrientations_iPhone = "UIInterfaceOrientationPortrait UIInterfaceOrientationLandscapeLeft UIInterfaceOrientationLandscapeRight";
				LD_RUNPATH_SEARCH_PATHS = (
					"$(inherited)",
					"@executable_path/Frameworks",
				);
				MARKETING_VERSION = 1.0;
				PRODUCT_BUNDLE_IDENTIFIER = com.udemy.tutorial.Landmarks;
				PRODUCT_NAME = "$(TARGET_NAME)";
				SWIFT_EMIT_LOC_STRINGS = YES;
				SWIFT_VERSION = 5.0;
				TARGETED_DEVICE_FAMILY = "1,2";
			};
			name = Release;
		};
/* End XCBuildConfiguration section */

/* Begin XCConfigurationList section */
		C2CB230C2C050DB000238660 /* Build configuration list for PBXProject "Landmarks" */ = {
			isa = XCConfigurationList;
			buildConfigurations = (
				C2CB231D2C050DB100238660 /* Debug */,
				C2CB231E2C050DB100238660 /* Release */,
			);
			defaultConfigurationIsVisible = 0;
			defaultConfigurationName = Release;
		};
		C2CB231F2C050DB100238660 /* Build configuration list for PBXNativeTarget "Landmarks" */ = {
			isa = XCConfigurationList;
			buildConfigurations = (
				C2CB23202C050DB100238660 /* Debug */,
				C2CB23212C050DB100238660 /* Release */,
			);
			defaultConfigurationIsVisible = 0;
			defaultConfigurationName = Release;
		};
/* End XCConfigurationList section */
	};
	rootObject = C2CB23092C050DB000238660 /* Project object */;
}
